{
    "name": "7-cart",
    "requires": true,
    "lockfileVersion": 1,
    "dependencies": {
        "skeleton.css": {
            "version": "2.0.4",
            "resolved": "https://registry.npmjs.org/skeleton.css/-/skeleton.css-2.0.4.tgz",
            "integrity": "sha1-6exgNYZyv3R02/e/bVm1Oc/enEo="
        },
        "typescript": {
            "version": "1.5.0-beta",
            "resolved": "https://registry.npmjs.org/typescript/-/typescript-1.5.0-beta.tgz",
            "integrity": "sha1-cCz8ZWklOL1d4nP/1JqG1fw3WY8="
        }
    }
}
